// !$*UTF8*$!
{
	archiveVersion = 1;
	classes = {
	};
	objectVersion = 50;
	objects = {

/* Begin PBXBuildFile section */
		031AD8F252B1A006BDC585BA /* Pods_PokedexTests.framework in Frameworks */ = {isa = PBXBuildFile; fileRef = A7569C34AC146D5F8D2FE914 /* Pods_PokedexTests.framework */; };
		40348CC984795D16FB2CF353 /* Pods_Pokedex_PokedexUITests.framework in Frameworks */ = {isa = PBXBuildFile; fileRef = D9A0A0CA9D2735DC57AB3988 /* Pods_Pokedex_PokedexUITests.framework */; };
		52AF58632E919C189CE9B15D /* Pods_Pokedex.framework in Frameworks */ = {isa = PBXBuildFile; fileRef = 61010E986A80DD3CC8ECCFC9 /* Pods_Pokedex.framework */; };
		D4266E4A216FB52F00F300E8 /* PokedexTests.swift in Sources */ = {isa = PBXBuildFile; fileRef = D4266E49216FB52F00F300E8 /* PokedexTests.swift */; };
		D4266E55216FB52F00F300E8 /* PokedexUITests.swift in Sources */ = {isa = PBXBuildFile; fileRef = D4266E54216FB52F00F300E8 /* PokedexUITests.swift */; };
		D4266E7C216FE70300F300E8 /* AppDelegate.swift in Sources */ = {isa = PBXBuildFile; fileRef = D4266E70216FE70300F300E8 /* AppDelegate.swift */; };
		D4266E82216FEA2200F300E8 /* Pokemons.xcassets in Resources */ = {isa = PBXBuildFile; fileRef = D4266E81216FEA2200F300E8 /* Pokemons.xcassets */; };
		D4266E84216FEA6000F300E8 /* AppIcon.xcassets in Resources */ = {isa = PBXBuildFile; fileRef = D4266E83216FEA6000F300E8 /* AppIcon.xcassets */; };
		D4266E8B216FEC7200F300E8 /* Endpoint.swift in Sources */ = {isa = PBXBuildFile; fileRef = D4266E8A216FEC7200F300E8 /* Endpoint.swift */; };
		D4266E90216FF55A00F300E8 /* PokemonList.swift in Sources */ = {isa = PBXBuildFile; fileRef = D4266E8F216FF55A00F300E8 /* PokemonList.swift */; };
		D4266E932170004E00F300E8 /* Pokemon.swift in Sources */ = {isa = PBXBuildFile; fileRef = D4266E922170004E00F300E8 /* Pokemon.swift */; };
		D4266E972170011400F300E8 /* LaunchScreen.storyboard in Resources */ = {isa = PBXBuildFile; fileRef = D4266E962170011400F300E8 /* LaunchScreen.storyboard */; };
		D4266E9B2170016E00F300E8 /* Splash.storyboard in Resources */ = {isa = PBXBuildFile; fileRef = D4266E9A2170016E00F300E8 /* Splash.storyboard */; };
		D4266E9D2170019400F300E8 /* SplashViewController.swift in Sources */ = {isa = PBXBuildFile; fileRef = D4266E9C2170019400F300E8 /* SplashViewController.swift */; };
		D4266E9F2170019E00F300E8 /* SplashViewModel.swift in Sources */ = {isa = PBXBuildFile; fileRef = D4266E9E2170019E00F300E8 /* SplashViewModel.swift */; };
		D4266EA5217006F300F300E8 /* PokemonListViewController.swift in Sources */ = {isa = PBXBuildFile; fileRef = D4266EA4217006F300F300E8 /* PokemonListViewController.swift */; };
		D4266EA82170072F00F300E8 /* Pokemon.storyboard in Resources */ = {isa = PBXBuildFile; fileRef = D4266EA72170072F00F300E8 /* Pokemon.storyboard */; };
		D4266EAE217014AB00F300E8 /* PokemonListViewModel.swift in Sources */ = {isa = PBXBuildFile; fileRef = D4266EAD217014AB00F300E8 /* PokemonListViewModel.swift */; };
		D4266EB32170182C00F300E8 /* UIViewController+StoryboardIdentifiable.swift in Sources */ = {isa = PBXBuildFile; fileRef = D4266EB22170182C00F300E8 /* UIViewController+StoryboardIdentifiable.swift */; };
		D4266EB52170184800F300E8 /* UIStoryboard+Storyboard.swift in Sources */ = {isa = PBXBuildFile; fileRef = D4266EB42170184800F300E8 /* UIStoryboard+Storyboard.swift */; };
		D97226AFE78DE0BA7D614121 /* Pods_Pokedex_PokedexTests.framework in Frameworks */ = {isa = PBXBuildFile; fileRef = EC8DE69AF9DC392C69D13E7C /* Pods_Pokedex_PokedexTests.framework */; };
		F0CF0B19E90F7C7050DADDC4 /* Pods_PokedexUITests.framework in Frameworks */ = {isa = PBXBuildFile; fileRef = 7BDBEFFB0B8017BEFE4D781E /* Pods_PokedexUITests.framework */; };
/* End PBXBuildFile section */

/* Begin PBXContainerItemProxy section */
		D4266E46216FB52E00F300E8 /* PBXContainerItemProxy */ = {
			isa = PBXContainerItemProxy;
			containerPortal = D4266E29216FB52B00F300E8 /* Project object */;
			proxyType = 1;
			remoteGlobalIDString = D4266E30216FB52B00F300E8;
			remoteInfo = Pokedex;
		};
		D4266E51216FB52F00F300E8 /* PBXContainerItemProxy */ = {
			isa = PBXContainerItemProxy;
			containerPortal = D4266E29216FB52B00F300E8 /* Project object */;
			proxyType = 1;
			remoteGlobalIDString = D4266E30216FB52B00F300E8;
			remoteInfo = Pokedex;
		};
/* End PBXContainerItemProxy section */

/* Begin PBXFileReference section */
		14BA5A6C4D73C743BF593C04 /* Pods-Pokedex-PokedexUITests.debug.xcconfig */ = {isa = PBXFileReference; includeInIndex = 1; lastKnownFileType = text.xcconfig; name = "Pods-Pokedex-PokedexUITests.debug.xcconfig"; path = "Pods/Target Support Files/Pods-Pokedex-PokedexUITests/Pods-Pokedex-PokedexUITests.debug.xcconfig"; sourceTree = "<group>"; };
		2EB948B67D4E2DDBCED7A482 /* Pods-PokedexUITests.release.xcconfig */ = {isa = PBXFileReference; includeInIndex = 1; lastKnownFileType = text.xcconfig; name = "Pods-PokedexUITests.release.xcconfig"; path = "Pods/Target Support Files/Pods-PokedexUITests/Pods-PokedexUITests.release.xcconfig"; sourceTree = "<group>"; };
		55072FF1E9ED624D5784D9C3 /* Pods-PokedexTests.debug.xcconfig */ = {isa = PBXFileReference; includeInIndex = 1; lastKnownFileType = text.xcconfig; name = "Pods-PokedexTests.debug.xcconfig"; path = "Pods/Target Support Files/Pods-PokedexTests/Pods-PokedexTests.debug.xcconfig"; sourceTree = "<group>"; };
		60D04B16AE96032EC7FCEB93 /* Pods-Pokedex-PokedexTests.release.xcconfig */ = {isa = PBXFileReference; includeInIndex = 1; lastKnownFileType = text.xcconfig; name = "Pods-Pokedex-PokedexTests.release.xcconfig"; path = "Pods/Target Support Files/Pods-Pokedex-PokedexTests/Pods-Pokedex-PokedexTests.release.xcconfig"; sourceTree = "<group>"; };
		61010E986A80DD3CC8ECCFC9 /* Pods_Pokedex.framework */ = {isa = PBXFileReference; explicitFileType = wrapper.framework; includeInIndex = 0; path = Pods_Pokedex.framework; sourceTree = BUILT_PRODUCTS_DIR; };
		64B7A11AC671C696EE439C0D /* Pods-Pokedex-PokedexUITests.release.xcconfig */ = {isa = PBXFileReference; includeInIndex = 1; lastKnownFileType = text.xcconfig; name = "Pods-Pokedex-PokedexUITests.release.xcconfig"; path = "Pods/Target Support Files/Pods-Pokedex-PokedexUITests/Pods-Pokedex-PokedexUITests.release.xcconfig"; sourceTree = "<group>"; };
		6E895A3CBFD593663AA8A70C /* Pods-Pokedex-PokedexTests.debug.xcconfig */ = {isa = PBXFileReference; includeInIndex = 1; lastKnownFileType = text.xcconfig; name = "Pods-Pokedex-PokedexTests.debug.xcconfig"; path = "Pods/Target Support Files/Pods-Pokedex-PokedexTests/Pods-Pokedex-PokedexTests.debug.xcconfig"; sourceTree = "<group>"; };
		7BDBEFFB0B8017BEFE4D781E /* Pods_PokedexUITests.framework */ = {isa = PBXFileReference; explicitFileType = wrapper.framework; includeInIndex = 0; path = Pods_PokedexUITests.framework; sourceTree = BUILT_PRODUCTS_DIR; };
		A7569C34AC146D5F8D2FE914 /* Pods_PokedexTests.framework */ = {isa = PBXFileReference; explicitFileType = wrapper.framework; includeInIndex = 0; path = Pods_PokedexTests.framework; sourceTree = BUILT_PRODUCTS_DIR; };
		C7023FB72D7683BE678F03EB /* Pods-PokedexTests.release.xcconfig */ = {isa = PBXFileReference; includeInIndex = 1; lastKnownFileType = text.xcconfig; name = "Pods-PokedexTests.release.xcconfig"; path = "Pods/Target Support Files/Pods-PokedexTests/Pods-PokedexTests.release.xcconfig"; sourceTree = "<group>"; };
		D4266E31216FB52B00F300E8 /* Pokedex.app */ = {isa = PBXFileReference; explicitFileType = wrapper.application; includeInIndex = 0; path = Pokedex.app; sourceTree = BUILT_PRODUCTS_DIR; };
		D4266E45216FB52E00F300E8 /* PokedexTests.xctest */ = {isa = PBXFileReference; explicitFileType = wrapper.cfbundle; includeInIndex = 0; path = PokedexTests.xctest; sourceTree = BUILT_PRODUCTS_DIR; };
		D4266E49216FB52F00F300E8 /* PokedexTests.swift */ = {isa = PBXFileReference; lastKnownFileType = sourcecode.swift; path = PokedexTests.swift; sourceTree = "<group>"; };
		D4266E4B216FB52F00F300E8 /* Info.plist */ = {isa = PBXFileReference; lastKnownFileType = text.plist.xml; path = Info.plist; sourceTree = "<group>"; };
		D4266E50216FB52F00F300E8 /* PokedexUITests.xctest */ = {isa = PBXFileReference; explicitFileType = wrapper.cfbundle; includeInIndex = 0; path = PokedexUITests.xctest; sourceTree = BUILT_PRODUCTS_DIR; };
		D4266E54216FB52F00F300E8 /* PokedexUITests.swift */ = {isa = PBXFileReference; lastKnownFileType = sourcecode.swift; path = PokedexUITests.swift; sourceTree = "<group>"; };
		D4266E56216FB52F00F300E8 /* Info.plist */ = {isa = PBXFileReference; lastKnownFileType = text.plist.xml; path = Info.plist; sourceTree = "<group>"; };
		D4266E70216FE70300F300E8 /* AppDelegate.swift */ = {isa = PBXFileReference; fileEncoding = 4; lastKnownFileType = sourcecode.swift; path = AppDelegate.swift; sourceTree = "<group>"; };
		D4266E72216FE70300F300E8 /* Info.plist */ = {isa = PBXFileReference; fileEncoding = 4; lastKnownFileType = text.plist.xml; path = Info.plist; sourceTree = "<group>"; };
		D4266E81216FEA2200F300E8 /* Pokemons.xcassets */ = {isa = PBXFileReference; lastKnownFileType = folder.assetcatalog; name = Pokemons.xcassets; path = Images/Pokemons.xcassets; sourceTree = "<group>"; };
		D4266E83216FEA6000F300E8 /* AppIcon.xcassets */ = {isa = PBXFileReference; lastKnownFileType = folder.assetcatalog; path = AppIcon.xcassets; sourceTree = "<group>"; };
		D4266E8A216FEC7200F300E8 /* Endpoint.swift */ = {isa = PBXFileReference; lastKnownFileType = sourcecode.swift; path = Endpoint.swift; sourceTree = "<group>"; };
		D4266E8F216FF55A00F300E8 /* PokemonList.swift */ = {isa = PBXFileReference; lastKnownFileType = sourcecode.swift; path = PokemonList.swift; sourceTree = "<group>"; };
		D4266E922170004E00F300E8 /* Pokemon.swift */ = {isa = PBXFileReference; lastKnownFileType = sourcecode.swift; path = Pokemon.swift; sourceTree = "<group>"; };
		D4266E962170011400F300E8 /* LaunchScreen.storyboard */ = {isa = PBXFileReference; fileEncoding = 4; lastKnownFileType = file.storyboard; path = LaunchScreen.storyboard; sourceTree = "<group>"; };
		D4266E9A2170016E00F300E8 /* Splash.storyboard */ = {isa = PBXFileReference; lastKnownFileType = file.storyboard; path = Splash.storyboard; sourceTree = "<group>"; };
		D4266E9C2170019400F300E8 /* SplashViewController.swift */ = {isa = PBXFileReference; lastKnownFileType = sourcecode.swift; path = SplashViewController.swift; sourceTree = "<group>"; };
		D4266E9E2170019E00F300E8 /* SplashViewModel.swift */ = {isa = PBXFileReference; lastKnownFileType = sourcecode.swift; path = SplashViewModel.swift; sourceTree = "<group>"; };
		D4266EA4217006F300F300E8 /* PokemonListViewController.swift */ = {isa = PBXFileReference; lastKnownFileType = sourcecode.swift; path = PokemonListViewController.swift; sourceTree = "<group>"; };
		D4266EA72170072F00F300E8 /* Pokemon.storyboard */ = {isa = PBXFileReference; lastKnownFileType = file.storyboard; path = Pokemon.storyboard; sourceTree = "<group>"; };
		D4266EAD217014AB00F300E8 /* PokemonListViewModel.swift */ = {isa = PBXFileReference; lastKnownFileType = sourcecode.swift; path = PokemonListViewModel.swift; sourceTree = "<group>"; };
		D4266EB22170182C00F300E8 /* UIViewController+StoryboardIdentifiable.swift */ = {isa = PBXFileReference; lastKnownFileType = sourcecode.swift; path = "UIViewController+StoryboardIdentifiable.swift"; sourceTree = "<group>"; };
		D4266EB42170184800F300E8 /* UIStoryboard+Storyboard.swift */ = {isa = PBXFileReference; lastKnownFileType = sourcecode.swift; path = "UIStoryboard+Storyboard.swift"; sourceTree = "<group>"; };
		D9A0A0CA9D2735DC57AB3988 /* Pods_Pokedex_PokedexUITests.framework */ = {isa = PBXFileReference; explicitFileType = wrapper.framework; includeInIndex = 0; path = Pods_Pokedex_PokedexUITests.framework; sourceTree = BUILT_PRODUCTS_DIR; };
		DBCDFF5D91AA8E9D69B0CC97 /* Pods-Pokedex.release.xcconfig */ = {isa = PBXFileReference; includeInIndex = 1; lastKnownFileType = text.xcconfig; name = "Pods-Pokedex.release.xcconfig"; path = "Pods/Target Support Files/Pods-Pokedex/Pods-Pokedex.release.xcconfig"; sourceTree = "<group>"; };
		EB3E24A384F3CE1046D0B92F /* Pods-PokedexUITests.debug.xcconfig */ = {isa = PBXFileReference; includeInIndex = 1; lastKnownFileType = text.xcconfig; name = "Pods-PokedexUITests.debug.xcconfig"; path = "Pods/Target Support Files/Pods-PokedexUITests/Pods-PokedexUITests.debug.xcconfig"; sourceTree = "<group>"; };
		EC8DE69AF9DC392C69D13E7C /* Pods_Pokedex_PokedexTests.framework */ = {isa = PBXFileReference; explicitFileType = wrapper.framework; includeInIndex = 0; path = Pods_Pokedex_PokedexTests.framework; sourceTree = BUILT_PRODUCTS_DIR; };
		ED1A90663DDA09D0DAEE6AC7 /* Pods-Pokedex.debug.xcconfig */ = {isa = PBXFileReference; includeInIndex = 1; lastKnownFileType = text.xcconfig; name = "Pods-Pokedex.debug.xcconfig"; path = "Pods/Target Support Files/Pods-Pokedex/Pods-Pokedex.debug.xcconfig"; sourceTree = "<group>"; };
/* End PBXFileReference section */

/* Begin PBXFrameworksBuildPhase section */
		D4266E2E216FB52B00F300E8 /* Frameworks */ = {
			isa = PBXFrameworksBuildPhase;
			buildActionMask = 2147483647;
			files = (
				52AF58632E919C189CE9B15D /* Pods_Pokedex.framework in Frameworks */,
			);
			runOnlyForDeploymentPostprocessing = 0;
		};
		D4266E42216FB52E00F300E8 /* Frameworks */ = {
			isa = PBXFrameworksBuildPhase;
			buildActionMask = 2147483647;
			files = (
				031AD8F252B1A006BDC585BA /* Pods_PokedexTests.framework in Frameworks */,
				D97226AFE78DE0BA7D614121 /* Pods_Pokedex_PokedexTests.framework in Frameworks */,
			);
			runOnlyForDeploymentPostprocessing = 0;
		};
		D4266E4D216FB52F00F300E8 /* Frameworks */ = {
			isa = PBXFrameworksBuildPhase;
			buildActionMask = 2147483647;
			files = (
				F0CF0B19E90F7C7050DADDC4 /* Pods_PokedexUITests.framework in Frameworks */,
				40348CC984795D16FB2CF353 /* Pods_Pokedex_PokedexUITests.framework in Frameworks */,
			);
			runOnlyForDeploymentPostprocessing = 0;
		};
/* End PBXFrameworksBuildPhase section */

/* Begin PBXGroup section */
		0BFD4D7EEF8C3A9596692EE9 /* Frameworks */ = {
			isa = PBXGroup;
			children = (
				61010E986A80DD3CC8ECCFC9 /* Pods_Pokedex.framework */,
				A7569C34AC146D5F8D2FE914 /* Pods_PokedexTests.framework */,
				7BDBEFFB0B8017BEFE4D781E /* Pods_PokedexUITests.framework */,
				EC8DE69AF9DC392C69D13E7C /* Pods_Pokedex_PokedexTests.framework */,
				D9A0A0CA9D2735DC57AB3988 /* Pods_Pokedex_PokedexUITests.framework */,
			);
			name = Frameworks;
			sourceTree = "<group>";
		};
		D4266E28216FB52B00F300E8 = {
			isa = PBXGroup;
			children = (
				D4266E33216FB52B00F300E8 /* Pokedex */,
				D4266E48216FB52F00F300E8 /* PokedexTests */,
				D4266E53216FB52F00F300E8 /* PokedexUITests */,
				D4266E32216FB52B00F300E8 /* Products */,
				F65B9AA9B737B899E822F220 /* Pods */,
				0BFD4D7EEF8C3A9596692EE9 /* Frameworks */,
			);
			sourceTree = "<group>";
		};
		D4266E32216FB52B00F300E8 /* Products */ = {
			isa = PBXGroup;
			children = (
				D4266E31216FB52B00F300E8 /* Pokedex.app */,
				D4266E45216FB52E00F300E8 /* PokedexTests.xctest */,
				D4266E50216FB52F00F300E8 /* PokedexUITests.xctest */,
			);
			name = Products;
			sourceTree = "<group>";
		};
		D4266E33216FB52B00F300E8 /* Pokedex */ = {
			isa = PBXGroup;
			children = (
				D4266E85216FEC3400F300E8 /* APIManager */,
				D4266E6F216FE70300F300E8 /* Base */,
				D4266E71216FE70300F300E8 /* Config */,
				D4266EAF217017EF00F300E8 /* Extensions */,
				D4266E73216FE70300F300E8 /* Modules */,
				D4266E8C216FF54500F300E8 /* Objects */,
				D4266E6A216FE70300F300E8 /* Resources */,
				D4266E942170011400F300E8 /* Storyboards */,
				D4266EA92170080600F300E8 /* Utils */,
			);
			path = Pokedex;
			sourceTree = "<group>";
		};
		D4266E48216FB52F00F300E8 /* PokedexTests */ = {
			isa = PBXGroup;
			children = (
				D4266E49216FB52F00F300E8 /* PokedexTests.swift */,
				D4266E4B216FB52F00F300E8 /* Info.plist */,
			);
			path = PokedexTests;
			sourceTree = "<group>";
		};
		D4266E53216FB52F00F300E8 /* PokedexUITests */ = {
			isa = PBXGroup;
			children = (
				D4266E54216FB52F00F300E8 /* PokedexUITests.swift */,
				D4266E56216FB52F00F300E8 /* Info.plist */,
			);
			path = PokedexUITests;
			sourceTree = "<group>";
		};
		D4266E6A216FE70300F300E8 /* Resources */ = {
			isa = PBXGroup;
			children = (
				D4266E81216FEA2200F300E8 /* Pokemons.xcassets */,
				D4266E83216FEA6000F300E8 /* AppIcon.xcassets */,
			);
			path = Resources;
			sourceTree = "<group>";
		};
		D4266E6F216FE70300F300E8 /* Base */ = {
			isa = PBXGroup;
			children = (
				D4266E70216FE70300F300E8 /* AppDelegate.swift */,
			);
			path = Base;
			sourceTree = "<group>";
		};
		D4266E71216FE70300F300E8 /* Config */ = {
			isa = PBXGroup;
			children = (
				D4266E72216FE70300F300E8 /* Info.plist */,
			);
			path = Config;
			sourceTree = "<group>";
		};
		D4266E73216FE70300F300E8 /* Modules */ = {
			isa = PBXGroup;
			children = (
				D4266EA0217006E600F300E8 /* Pokemon */,
				D4266E78216FE70300F300E8 /* Splash */,
			);
			path = Modules;
			sourceTree = "<group>";
		};
		D4266E78216FE70300F300E8 /* Splash */ = {
			isa = PBXGroup;
			children = (
				D4266E982170016100F300E8 /* Storyboard */,
				D4266E992170016100F300E8 /* ViewModel */,
				D4266E9C2170019400F300E8 /* SplashViewController.swift */,
			);
			path = Splash;
			sourceTree = "<group>";
		};
		D4266E85216FEC3400F300E8 /* APIManager */ = {
			isa = PBXGroup;
			children = (
				D4266E89216FEC6C00F300E8 /* Endpoint */,
			);
			path = APIManager;
			sourceTree = "<group>";
		};
		D4266E89216FEC6C00F300E8 /* Endpoint */ = {
			isa = PBXGroup;
			children = (
				D4266E8A216FEC7200F300E8 /* Endpoint.swift */,
			);
			path = Endpoint;
			sourceTree = "<group>";
		};
		D4266E8C216FF54500F300E8 /* Objects */ = {
			isa = PBXGroup;
			children = (
				D4266E8D216FF54500F300E8 /* Pokemon */,
			);
			path = Objects;
			sourceTree = "<group>";
		};
		D4266E8D216FF54500F300E8 /* Pokemon */ = {
			isa = PBXGroup;
			children = (
				D4266E912170004700F300E8 /* Detail */,
				D4266E8E216FF54500F300E8 /* List */,
			);
			path = Pokemon;
			sourceTree = "<group>";
		};
		D4266E8E216FF54500F300E8 /* List */ = {
			isa = PBXGroup;
			children = (
				D4266E8F216FF55A00F300E8 /* PokemonList.swift */,
			);
			path = List;
			sourceTree = "<group>";
		};
		D4266E912170004700F300E8 /* Detail */ = {
			isa = PBXGroup;
			children = (
				D4266E922170004E00F300E8 /* Pokemon.swift */,
			);
			path = Detail;
			sourceTree = "<group>";
		};
		D4266E942170011400F300E8 /* Storyboards */ = {
			isa = PBXGroup;
			children = (
				D4266E952170011400F300E8 /* LaunchScreen */,
			);
			path = Storyboards;
			sourceTree = "<group>";
		};
		D4266E952170011400F300E8 /* LaunchScreen */ = {
			isa = PBXGroup;
			children = (
				D4266E962170011400F300E8 /* LaunchScreen.storyboard */,
			);
			path = LaunchScreen;
			sourceTree = "<group>";
		};
		D4266E982170016100F300E8 /* Storyboard */ = {
			isa = PBXGroup;
			children = (
				D4266E9A2170016E00F300E8 /* Splash.storyboard */,
			);
			path = Storyboard;
			sourceTree = "<group>";
		};
		D4266E992170016100F300E8 /* ViewModel */ = {
			isa = PBXGroup;
			children = (
				D4266E9E2170019E00F300E8 /* SplashViewModel.swift */,
			);
			path = ViewModel;
			sourceTree = "<group>";
		};
		D4266EA0217006E600F300E8 /* Pokemon */ = {
			isa = PBXGroup;
			children = (
				D4266EA62170072100F300E8 /* Storyboards */,
				D4266EA1217006E600F300E8 /* List */,
			);
			path = Pokemon;
			sourceTree = "<group>";
		};
		D4266EA1217006E600F300E8 /* List */ = {
			isa = PBXGroup;
			children = (
				D4266EA2217006E600F300E8 /* ViewModel */,
				D4266EA4217006F300F300E8 /* PokemonListViewController.swift */,
			);
			path = List;
			sourceTree = "<group>";
		};
		D4266EA2217006E600F300E8 /* ViewModel */ = {
			isa = PBXGroup;
			children = (
				D4266EAD217014AB00F300E8 /* PokemonListViewModel.swift */,
			);
			path = ViewModel;
			sourceTree = "<group>";
		};
		D4266EA62170072100F300E8 /* Storyboards */ = {
			isa = PBXGroup;
			children = (
				D4266EA72170072F00F300E8 /* Pokemon.storyboard */,
			);
			path = Storyboards;
			sourceTree = "<group>";
		};
		D4266EA92170080600F300E8 /* Utils */ = {
			isa = PBXGroup;
			children = (
			);
			path = Utils;
			sourceTree = "<group>";
		};
		D4266EAF217017EF00F300E8 /* Extensions */ = {
			isa = PBXGroup;
			children = (
				D4266EB0217017EF00F300E8 /* UIStoryboard */,
				D4266EB12170181D00F300E8 /* UIViewController */,
			);
			path = Extensions;
			sourceTree = "<group>";
		};
		D4266EB0217017EF00F300E8 /* UIStoryboard */ = {
			isa = PBXGroup;
			children = (
				D4266EB42170184800F300E8 /* UIStoryboard+Storyboard.swift */,
			);
			path = UIStoryboard;
			sourceTree = "<group>";
		};
		D4266EB12170181D00F300E8 /* UIViewController */ = {
			isa = PBXGroup;
			children = (
				D4266EB22170182C00F300E8 /* UIViewController+StoryboardIdentifiable.swift */,
			);
			path = UIViewController;
			sourceTree = "<group>";
		};
		F65B9AA9B737B899E822F220 /* Pods */ = {
			isa = PBXGroup;
			children = (
				ED1A90663DDA09D0DAEE6AC7 /* Pods-Pokedex.debug.xcconfig */,
				DBCDFF5D91AA8E9D69B0CC97 /* Pods-Pokedex.release.xcconfig */,
				55072FF1E9ED624D5784D9C3 /* Pods-PokedexTests.debug.xcconfig */,
				C7023FB72D7683BE678F03EB /* Pods-PokedexTests.release.xcconfig */,
				EB3E24A384F3CE1046D0B92F /* Pods-PokedexUITests.debug.xcconfig */,
				2EB948B67D4E2DDBCED7A482 /* Pods-PokedexUITests.release.xcconfig */,
				6E895A3CBFD593663AA8A70C /* Pods-Pokedex-PokedexTests.debug.xcconfig */,
				60D04B16AE96032EC7FCEB93 /* Pods-Pokedex-PokedexTests.release.xcconfig */,
				14BA5A6C4D73C743BF593C04 /* Pods-Pokedex-PokedexUITests.debug.xcconfig */,
				64B7A11AC671C696EE439C0D /* Pods-Pokedex-PokedexUITests.release.xcconfig */,
			);
			name = Pods;
			sourceTree = "<group>";
		};
/* End PBXGroup section */

/* Begin PBXNativeTarget section */
		D4266E30216FB52B00F300E8 /* Pokedex */ = {
			isa = PBXNativeTarget;
			buildConfigurationList = D4266E59216FB52F00F300E8 /* Build configuration list for PBXNativeTarget "Pokedex" */;
			buildPhases = (
				921E1B6E0A621BA216047F96 /* [CP] Check Pods Manifest.lock */,
				D4266E2D216FB52B00F300E8 /* Sources */,
				D4266E2E216FB52B00F300E8 /* Frameworks */,
				D4266E2F216FB52B00F300E8 /* Resources */,
				A664BDC6C67E0EBEDFB15F93 /* [CP] Embed Pods Frameworks */,
			);
			buildRules = (
			);
			dependencies = (
			);
			name = Pokedex;
			productName = Pokedex;
			productReference = D4266E31216FB52B00F300E8 /* Pokedex.app */;
			productType = "com.apple.product-type.application";
		};
		D4266E44216FB52E00F300E8 /* PokedexTests */ = {
			isa = PBXNativeTarget;
			buildConfigurationList = D4266E5C216FB52F00F300E8 /* Build configuration list for PBXNativeTarget "PokedexTests" */;
			buildPhases = (
				16DE344CB7D7F4D123114F2B /* [CP] Check Pods Manifest.lock */,
				D4266E41216FB52E00F300E8 /* Sources */,
				D4266E42216FB52E00F300E8 /* Frameworks */,
				D4266E43216FB52E00F300E8 /* Resources */,
			);
			buildRules = (
			);
			dependencies = (
				D4266E47216FB52E00F300E8 /* PBXTargetDependency */,
			);
			name = PokedexTests;
			productName = PokedexTests;
			productReference = D4266E45216FB52E00F300E8 /* PokedexTests.xctest */;
			productType = "com.apple.product-type.bundle.unit-test";
		};
		D4266E4F216FB52F00F300E8 /* PokedexUITests */ = {
			isa = PBXNativeTarget;
			buildConfigurationList = D4266E5F216FB52F00F300E8 /* Build configuration list for PBXNativeTarget "PokedexUITests" */;
			buildPhases = (
				1F45421B4F1D3E3443DEE4B9 /* [CP] Check Pods Manifest.lock */,
				D4266E4C216FB52F00F300E8 /* Sources */,
				D4266E4D216FB52F00F300E8 /* Frameworks */,
				D4266E4E216FB52F00F300E8 /* Resources */,
			);
			buildRules = (
			);
			dependencies = (
				D4266E52216FB52F00F300E8 /* PBXTargetDependency */,
			);
			name = PokedexUITests;
			productName = PokedexUITests;
			productReference = D4266E50216FB52F00F300E8 /* PokedexUITests.xctest */;
			productType = "com.apple.product-type.bundle.ui-testing";
		};
/* End PBXNativeTarget section */

/* Begin PBXProject section */
		D4266E29216FB52B00F300E8 /* Project object */ = {
			isa = PBXProject;
			attributes = {
				LastSwiftUpdateCheck = 1000;
				LastUpgradeCheck = 1000;
				ORGANIZATIONNAME = "Sergio David Bravo Talero";
				TargetAttributes = {
					D4266E30216FB52B00F300E8 = {
						CreatedOnToolsVersion = 10.0;
					};
					D4266E44216FB52E00F300E8 = {
						CreatedOnToolsVersion = 10.0;
						TestTargetID = D4266E30216FB52B00F300E8;
					};
					D4266E4F216FB52F00F300E8 = {
						CreatedOnToolsVersion = 10.0;
						TestTargetID = D4266E30216FB52B00F300E8;
					};
				};
			};
			buildConfigurationList = D4266E2C216FB52B00F300E8 /* Build configuration list for PBXProject "Pokedex" */;
			compatibilityVersion = "Xcode 9.3";
			developmentRegion = en;
			hasScannedForEncodings = 0;
			knownRegions = (
				en,
				Base,
			);
			mainGroup = D4266E28216FB52B00F300E8;
			productRefGroup = D4266E32216FB52B00F300E8 /* Products */;
			projectDirPath = "";
			projectRoot = "";
			targets = (
				D4266E30216FB52B00F300E8 /* Pokedex */,
				D4266E44216FB52E00F300E8 /* PokedexTests */,
				D4266E4F216FB52F00F300E8 /* PokedexUITests */,
			);
		};
/* End PBXProject section */

/* Begin PBXResourcesBuildPhase section */
		D4266E2F216FB52B00F300E8 /* Resources */ = {
			isa = PBXResourcesBuildPhase;
			buildActionMask = 2147483647;
			files = (
				D4266EA82170072F00F300E8 /* Pokemon.storyboard in Resources */,
				D4266E972170011400F300E8 /* LaunchScreen.storyboard in Resources */,
				D4266E84216FEA6000F300E8 /* AppIcon.xcassets in Resources */,
				D4266E9B2170016E00F300E8 /* Splash.storyboard in Resources */,
				D4266E82216FEA2200F300E8 /* Pokemons.xcassets in Resources */,
			);
			runOnlyForDeploymentPostprocessing = 0;
		};
		D4266E43216FB52E00F300E8 /* Resources */ = {
			isa = PBXResourcesBuildPhase;
			buildActionMask = 2147483647;
			files = (
			);
			runOnlyForDeploymentPostprocessing = 0;
		};
		D4266E4E216FB52F00F300E8 /* Resources */ = {
			isa = PBXResourcesBuildPhase;
			buildActionMask = 2147483647;
			files = (
			);
			runOnlyForDeploymentPostprocessing = 0;
		};
/* End PBXResourcesBuildPhase section */

/* Begin PBXShellScriptBuildPhase section */
		16DE344CB7D7F4D123114F2B /* [CP] Check Pods Manifest.lock */ = {
			isa = PBXShellScriptBuildPhase;
			buildActionMask = 2147483647;
			files = (
			);
			inputPaths = (
				"${PODS_PODFILE_DIR_PATH}/Podfile.lock",
				"${PODS_ROOT}/Manifest.lock",
			);
			name = "[CP] Check Pods Manifest.lock";
			outputPaths = (
				"$(DERIVED_FILE_DIR)/Pods-PokedexTests-checkManifestLockResult.txt",
			);
			runOnlyForDeploymentPostprocessing = 0;
			shellPath = /bin/sh;
			shellScript = "diff \"${PODS_PODFILE_DIR_PATH}/Podfile.lock\" \"${PODS_ROOT}/Manifest.lock\" > /dev/null\nif [ $? != 0 ] ; then\n    # print error to STDERR\n    echo \"error: The sandbox is not in sync with the Podfile.lock. Run 'pod install' or update your CocoaPods installation.\" >&2\n    exit 1\nfi\n# This output is used by Xcode 'outputs' to avoid re-running this script phase.\necho \"SUCCESS\" > \"${SCRIPT_OUTPUT_FILE_0}\"\n";
			showEnvVarsInLog = 0;
		};
		1F45421B4F1D3E3443DEE4B9 /* [CP] Check Pods Manifest.lock */ = {
			isa = PBXShellScriptBuildPhase;
			buildActionMask = 2147483647;
			files = (
			);
			inputPaths = (
				"${PODS_PODFILE_DIR_PATH}/Podfile.lock",
				"${PODS_ROOT}/Manifest.lock",
			);
			name = "[CP] Check Pods Manifest.lock";
			outputPaths = (
				"$(DERIVED_FILE_DIR)/Pods-PokedexUITests-checkManifestLockResult.txt",
			);
			runOnlyForDeploymentPostprocessing = 0;
			shellPath = /bin/sh;
			shellScript = "diff \"${PODS_PODFILE_DIR_PATH}/Podfile.lock\" \"${PODS_ROOT}/Manifest.lock\" > /dev/null\nif [ $? != 0 ] ; then\n    # print error to STDERR\n    echo \"error: The sandbox is not in sync with the Podfile.lock. Run 'pod install' or update your CocoaPods installation.\" >&2\n    exit 1\nfi\n# This output is used by Xcode 'outputs' to avoid re-running this script phase.\necho \"SUCCESS\" > \"${SCRIPT_OUTPUT_FILE_0}\"\n";
			showEnvVarsInLog = 0;
		};
		921E1B6E0A621BA216047F96 /* [CP] Check Pods Manifest.lock */ = {
			isa = PBXShellScriptBuildPhase;
			buildActionMask = 2147483647;
			files = (
			);
			inputPaths = (
				"${PODS_PODFILE_DIR_PATH}/Podfile.lock",
				"${PODS_ROOT}/Manifest.lock",
			);
			name = "[CP] Check Pods Manifest.lock";
			outputPaths = (
				"$(DERIVED_FILE_DIR)/Pods-Pokedex-checkManifestLockResult.txt",
			);
			runOnlyForDeploymentPostprocessing = 0;
			shellPath = /bin/sh;
			shellScript = "diff \"${PODS_PODFILE_DIR_PATH}/Podfile.lock\" \"${PODS_ROOT}/Manifest.lock\" > /dev/null\nif [ $? != 0 ] ; then\n    # print error to STDERR\n    echo \"error: The sandbox is not in sync with the Podfile.lock. Run 'pod install' or update your CocoaPods installation.\" >&2\n    exit 1\nfi\n# This output is used by Xcode 'outputs' to avoid re-running this script phase.\necho \"SUCCESS\" > \"${SCRIPT_OUTPUT_FILE_0}\"\n";
			showEnvVarsInLog = 0;
		};
		A664BDC6C67E0EBEDFB15F93 /* [CP] Embed Pods Frameworks */ = {
			isa = PBXShellScriptBuildPhase;
			buildActionMask = 2147483647;
			files = (
			);
			inputPaths = (
				"${SRCROOT}/Pods/Target Support Files/Pods-Pokedex/Pods-Pokedex-frameworks.sh",
				"${BUILT_PRODUCTS_DIR}/Alamofire/Alamofire.framework",
				"${BUILT_PRODUCTS_DIR}/AlamofireObjectMapper/AlamofireObjectMapper.framework",
				"${BUILT_PRODUCTS_DIR}/ObjectMapper/ObjectMapper.framework",
			);
			name = "[CP] Embed Pods Frameworks";
			outputPaths = (
				"${TARGET_BUILD_DIR}/${FRAMEWORKS_FOLDER_PATH}/Alamofire.framework",
				"${TARGET_BUILD_DIR}/${FRAMEWORKS_FOLDER_PATH}/AlamofireObjectMapper.framework",
				"${TARGET_BUILD_DIR}/${FRAMEWORKS_FOLDER_PATH}/ObjectMapper.framework",
			);
			runOnlyForDeploymentPostprocessing = 0;
			shellPath = /bin/sh;
			shellScript = "\"${SRCROOT}/Pods/Target Support Files/Pods-Pokedex/Pods-Pokedex-frameworks.sh\"\n";
			showEnvVarsInLog = 0;
		};
/* End PBXShellScriptBuildPhase section */

/* Begin PBXSourcesBuildPhase section */
		D4266E2D216FB52B00F300E8 /* Sources */ = {
			isa = PBXSourcesBuildPhase;
			buildActionMask = 2147483647;
			files = (
				D4266E932170004E00F300E8 /* Pokemon.swift in Sources */,
				D4266EAE217014AB00F300E8 /* PokemonListViewModel.swift in Sources */,
				D4266EB52170184800F300E8 /* UIStoryboard+Storyboard.swift in Sources */,
				D4266E90216FF55A00F300E8 /* PokemonList.swift in Sources */,
				D4266E9F2170019E00F300E8 /* SplashViewModel.swift in Sources */,
				D4266EA5217006F300F300E8 /* PokemonListViewController.swift in Sources */,
				D4266E9D2170019400F300E8 /* SplashViewController.swift in Sources */,
				D4266EB32170182C00F300E8 /* UIViewController+StoryboardIdentifiable.swift in Sources */,
				D4266E8B216FEC7200F300E8 /* Endpoint.swift in Sources */,
				D4266E7C216FE70300F300E8 /* AppDelegate.swift in Sources */,
			);
			runOnlyForDeploymentPostprocessing = 0;
		};
		D4266E41216FB52E00F300E8 /* Sources */ = {
			isa = PBXSourcesBuildPhase;
			buildActionMask = 2147483647;
			files = (
				D4266E4A216FB52F00F300E8 /* PokedexTests.swift in Sources */,
			);
			runOnlyForDeploymentPostprocessing = 0;
		};
		D4266E4C216FB52F00F300E8 /* Sources */ = {
			isa = PBXSourcesBuildPhase;
			buildActionMask = 2147483647;
			files = (
				D4266E55216FB52F00F300E8 /* PokedexUITests.swift in Sources */,
			);
			runOnlyForDeploymentPostprocessing = 0;
		};
/* End PBXSourcesBuildPhase section */

/* Begin PBXTargetDependency section */
		D4266E47216FB52E00F300E8 /* PBXTargetDependency */ = {
			isa = PBXTargetDependency;
			target = D4266E30216FB52B00F300E8 /* Pokedex */;
			targetProxy = D4266E46216FB52E00F300E8 /* PBXContainerItemProxy */;
		};
		D4266E52216FB52F00F300E8 /* PBXTargetDependency */ = {
			isa = PBXTargetDependency;
			target = D4266E30216FB52B00F300E8 /* Pokedex */;
			targetProxy = D4266E51216FB52F00F300E8 /* PBXContainerItemProxy */;
		};
/* End PBXTargetDependency section */

/* Begin XCBuildConfiguration section */
		D4266E57216FB52F00F300E8 /* Debug */ = {
			isa = XCBuildConfiguration;
			buildSettings = {
				ALWAYS_SEARCH_USER_PATHS = NO;
				CLANG_ANALYZER_NONNULL = YES;
				CLANG_ANALYZER_NUMBER_OBJECT_CONVERSION = YES_AGGRESSIVE;
				CLANG_CXX_LANGUAGE_STANDARD = "gnu++14";
				CLANG_CXX_LIBRARY = "libc++";
				CLANG_ENABLE_MODULES = YES;
				CLANG_ENABLE_OBJC_ARC = YES;
				CLANG_ENABLE_OBJC_WEAK = YES;
				CLANG_WARN_BLOCK_CAPTURE_AUTORELEASING = YES;
				CLANG_WARN_BOOL_CONVERSION = YES;
				CLANG_WARN_COMMA = YES;
				CLANG_WARN_CONSTANT_CONVERSION = YES;
				CLANG_WARN_DEPRECATED_OBJC_IMPLEMENTATIONS = YES;
				CLANG_WARN_DIRECT_OBJC_ISA_USAGE = YES_ERROR;
				CLANG_WARN_DOCUMENTATION_COMMENTS = YES;
				CLANG_WARN_EMPTY_BODY = YES;
				CLANG_WARN_ENUM_CONVERSION = YES;
				CLANG_WARN_INFINITE_RECURSION = YES;
				CLANG_WARN_INT_CONVERSION = YES;
				CLANG_WARN_NON_LITERAL_NULL_CONVERSION = YES;
				CLANG_WARN_OBJC_IMPLICIT_RETAIN_SELF = YES;
				CLANG_WARN_OBJC_LITERAL_CONVERSION = YES;
				CLANG_WARN_OBJC_ROOT_CLASS = YES_ERROR;
				CLANG_WARN_RANGE_LOOP_ANALYSIS = YES;
				CLANG_WARN_STRICT_PROTOTYPES = YES;
				CLANG_WARN_SUSPICIOUS_MOVE = YES;
				CLANG_WARN_UNGUARDED_AVAILABILITY = YES_AGGRESSIVE;
				CLANG_WARN_UNREACHABLE_CODE = YES;
				CLANG_WARN__DUPLICATE_METHOD_MATCH = YES;
				CODE_SIGN_IDENTITY = "iPhone Developer";
				COPY_PHASE_STRIP = NO;
				DEBUG_INFORMATION_FORMAT = dwarf;
				ENABLE_STRICT_OBJC_MSGSEND = YES;
				ENABLE_TESTABILITY = YES;
				GCC_C_LANGUAGE_STANDARD = gnu11;
				GCC_DYNAMIC_NO_PIC = NO;
				GCC_NO_COMMON_BLOCKS = YES;
				GCC_OPTIMIZATION_LEVEL = 0;
				GCC_PREPROCESSOR_DEFINITIONS = (
					"DEBUG=1",
					"$(inherited)",
				);
				GCC_WARN_64_TO_32_BIT_CONVERSION = YES;
				GCC_WARN_ABOUT_RETURN_TYPE = YES_ERROR;
				GCC_WARN_UNDECLARED_SELECTOR = YES;
				GCC_WARN_UNINITIALIZED_AUTOS = YES_AGGRESSIVE;
				GCC_WARN_UNUSED_FUNCTION = YES;
				GCC_WARN_UNUSED_VARIABLE = YES;
				IPHONEOS_DEPLOYMENT_TARGET = 12.0;
				MTL_ENABLE_DEBUG_INFO = INCLUDE_SOURCE;
				MTL_FAST_MATH = YES;
				ONLY_ACTIVE_ARCH = YES;
				SDKROOT = iphoneos;
				SWIFT_ACTIVE_COMPILATION_CONDITIONS = DEBUG;
				SWIFT_OPTIMIZATION_LEVEL = "-Onone";
			};
			name = Debug;
		};
		D4266E58216FB52F00F300E8 /* Release */ = {
			isa = XCBuildConfiguration;
			buildSettings = {
				ALWAYS_SEARCH_USER_PATHS = NO;
				CLANG_ANALYZER_NONNULL = YES;
				CLANG_ANALYZER_NUMBER_OBJECT_CONVERSION = YES_AGGRESSIVE;
				CLANG_CXX_LANGUAGE_STANDARD = "gnu++14";
				CLANG_CXX_LIBRARY = "libc++";
				CLANG_ENABLE_MODULES = YES;
				CLANG_ENABLE_OBJC_ARC = YES;
				CLANG_ENABLE_OBJC_WEAK = YES;
				CLANG_WARN_BLOCK_CAPTURE_AUTORELEASING = YES;
				CLANG_WARN_BOOL_CONVERSION = YES;
				CLANG_WARN_COMMA = YES;
				CLANG_WARN_CONSTANT_CONVERSION = YES;
				CLANG_WARN_DEPRECATED_OBJC_IMPLEMENTATIONS = YES;
				CLANG_WARN_DIRECT_OBJC_ISA_USAGE = YES_ERROR;
				CLANG_WARN_DOCUMENTATION_COMMENTS = YES;
				CLANG_WARN_EMPTY_BODY = YES;
				CLANG_WARN_ENUM_CONVERSION = YES;
				CLANG_WARN_INFINITE_RECURSION = YES;
				CLANG_WARN_INT_CONVERSION = YES;
				CLANG_WARN_NON_LITERAL_NULL_CONVERSION = YES;
				CLANG_WARN_OBJC_IMPLICIT_RETAIN_SELF = YES;
				CLANG_WARN_OBJC_LITERAL_CONVERSION = YES;
				CLANG_WARN_OBJC_ROOT_CLASS = YES_ERROR;
				CLANG_WARN_RANGE_LOOP_ANALYSIS = YES;
				CLANG_WARN_STRICT_PROTOTYPES = YES;
				CLANG_WARN_SUSPICIOUS_MOVE = YES;
				CLANG_WARN_UNGUARDED_AVAILABILITY = YES_AGGRESSIVE;
				CLANG_WARN_UNREACHABLE_CODE = YES;
				CLANG_WARN__DUPLICATE_METHOD_MATCH = YES;
				CODE_SIGN_IDENTITY = "iPhone Developer";
				COPY_PHASE_STRIP = NO;
				DEBUG_INFORMATION_FORMAT = "dwarf-with-dsym";
				ENABLE_NS_ASSERTIONS = NO;
				ENABLE_STRICT_OBJC_MSGSEND = YES;
				GCC_C_LANGUAGE_STANDARD = gnu11;
				GCC_NO_COMMON_BLOCKS = YES;
				GCC_WARN_64_TO_32_BIT_CONVERSION = YES;
				GCC_WARN_ABOUT_RETURN_TYPE = YES_ERROR;
				GCC_WARN_UNDECLARED_SELECTOR = YES;
				GCC_WARN_UNINITIALIZED_AUTOS = YES_AGGRESSIVE;
				GCC_WARN_UNUSED_FUNCTION = YES;
				GCC_WARN_UNUSED_VARIABLE = YES;
				IPHONEOS_DEPLOYMENT_TARGET = 12.0;
				MTL_ENABLE_DEBUG_INFO = NO;
				MTL_FAST_MATH = YES;
				SDKROOT = iphoneos;
				SWIFT_COMPILATION_MODE = wholemodule;
				SWIFT_OPTIMIZATION_LEVEL = "-O";
				VALIDATE_PRODUCT = YES;
			};
			name = Release;
		};
		D4266E5A216FB52F00F300E8 /* Debug */ = {
			isa = XCBuildConfiguration;
			baseConfigurationReference = ED1A90663DDA09D0DAEE6AC7 /* Pods-Pokedex.debug.xcconfig */;
			buildSettings = {
				ALWAYS_EMBED_SWIFT_STANDARD_LIBRARIES = "$(inherited)";
				ASSETCATALOG_COMPILER_APPICON_NAME = AppIcon;
				CODE_SIGN_STYLE = Automatic;
				DEVELOPMENT_TEAM = MMVE3MY73F;
				INFOPLIST_FILE = "$(SRCROOT)/Pokedex/Config/Info.plist";
				LD_RUNPATH_SEARCH_PATHS = (
					"$(inherited)",
					"@executable_path/Frameworks",
				);
				PRODUCT_BUNDLE_IDENTIFIER = helloWorld.Pokedex;
				PRODUCT_NAME = "$(TARGET_NAME)";
				SWIFT_VERSION = 4.2;
				TARGETED_DEVICE_FAMILY = "1,2";
			};
			name = Debug;
		};
		D4266E5B216FB52F00F300E8 /* Release */ = {
			isa = XCBuildConfiguration;
			baseConfigurationReference = DBCDFF5D91AA8E9D69B0CC97 /* Pods-Pokedex.release.xcconfig */;
			buildSettings = {
				ALWAYS_EMBED_SWIFT_STANDARD_LIBRARIES = "$(inherited)";
				ASSETCATALOG_COMPILER_APPICON_NAME = AppIcon;
				CODE_SIGN_STYLE = Automatic;
				DEVELOPMENT_TEAM = MMVE3MY73F;
				INFOPLIST_FILE = "$(SRCROOT)/Pokedex/Config/Info.plist";
				LD_RUNPATH_SEARCH_PATHS = (
					"$(inherited)",
					"@executable_path/Frameworks",
				);
				PRODUCT_BUNDLE_IDENTIFIER = helloWorld.Pokedex;
				PRODUCT_NAME = "$(TARGET_NAME)";
				SWIFT_VERSION = 4.2;
				TARGETED_DEVICE_FAMILY = "1,2";
			};
			name = Release;
		};
		D4266E5D216FB52F00F300E8 /* Debug */ = {
			isa = XCBuildConfiguration;
			baseConfigurationReference = 55072FF1E9ED624D5784D9C3 /* Pods-PokedexTests.debug.xcconfig */;
			buildSettings = {
				ALWAYS_EMBED_SWIFT_STANDARD_LIBRARIES = "$(inherited)";
				BUNDLE_LOADER = "$(TEST_HOST)";
				CODE_SIGN_STYLE = Automatic;
				INFOPLIST_FILE = PokedexTests/Info.plist;
				LD_RUNPATH_SEARCH_PATHS = (
					"$(inherited)",
					"@executable_path/Frameworks",
					"@loader_path/Frameworks",
				);
				PRODUCT_BUNDLE_IDENTIFIER = helloWorld.PokedexTests;
				PRODUCT_NAME = "$(TARGET_NAME)";
				SWIFT_VERSION = 4.2;
				TARGETED_DEVICE_FAMILY = "1,2";
				TEST_HOST = "$(BUILT_PRODUCTS_DIR)/Pokedex.app/Pokedex";
			};
			name = Debug;
		};
		D4266E5E216FB52F00F300E8 /* Release */ = {
			isa = XCBuildConfiguration;
			baseConfigurationReference = C7023FB72D7683BE678F03EB /* Pods-PokedexTests.release.xcconfig */;
			buildSettings = {
				ALWAYS_EMBED_SWIFT_STANDARD_LIBRARIES = "$(inherited)";
				BUNDLE_LOADER = "$(TEST_HOST)";
				CODE_SIGN_STYLE = Automatic;
				INFOPLIST_FILE = PokedexTests/Info.plist;
				LD_RUNPATH_SEARCH_PATHS = (
					"$(inherited)",
					"@executable_path/Frameworks",
					"@loader_path/Frameworks",
				);
				PRODUCT_BUNDLE_IDENTIFIER = helloWorld.PokedexTests;
				PRODUCT_NAME = "$(TARGET_NAME)";
				SWIFT_VERSION = 4.2;
				TARGETED_DEVICE_FAMILY = "1,2";
				TEST_HOST = "$(BUILT_PRODUCTS_DIR)/Pokedex.app/Pokedex";
			};
			name = Release;
		};
		D4266E60216FB52F00F300E8 /* Debug */ = {
			isa = XCBuildConfiguration;
			baseConfigurationReference = EB3E24A384F3CE1046D0B92F /* Pods-PokedexUITests.debug.xcconfig */;
			buildSettings = {
				ALWAYS_EMBED_SWIFT_STANDARD_LIBRARIES = "$(inherited)";
				CODE_SIGN_STYLE = Automatic;
				INFOPLIST_FILE = PokedexUITests/Info.plist;
				LD_RUNPATH_SEARCH_PATHS = (
					"$(inherited)",
					"@executable_path/Frameworks",
					"@loader_path/Frameworks",
				);
				PRODUCT_BUNDLE_IDENTIFIER = helloWorld.PokedexUITests;
				PRODUCT_NAME = "$(TARGET_NAME)";
				SWIFT_VERSION = 4.2;
				TARGETED_DEVICE_FAMILY = "1,2";
				TEST_TARGET_NAME = Pokedex;
			};
			name = Debug;
		};
		D4266E61216FB52F00F300E8 /* Release */ = {
			isa = XCBuildConfiguration;
			baseConfigurationReference = 2EB948B67D4E2DDBCED7A482 /* Pods-PokedexUITests.release.xcconfig */;
			buildSettings = {
				ALWAYS_EMBED_SWIFT_STANDARD_LIBRARIES = "$(inherited)";
				CODE_SIGN_STYLE = Automatic;
				INFOPLIST_FILE = PokedexUITests/Info.plist;
				LD_RUNPATH_SEARCH_PATHS = (
					"$(inherited)",
					"@executable_path/Frameworks",
					"@loader_path/Frameworks",
				);
				PRODUCT_BUNDLE_IDENTIFIER = helloWorld.PokedexUITests;
				PRODUCT_NAME = "$(TARGET_NAME)";
				SWIFT_VERSION = 4.2;
				TARGETED_DEVICE_FAMILY = "1,2";
				TEST_TARGET_NAME = Pokedex;
			};
			name = Release;
		};
/* End XCBuildConfiguration section */

/* Begin XCConfigurationList section */
		D4266E2C216FB52B00F300E8 /* Build configuration list for PBXProject "Pokedex" */ = {
			isa = XCConfigurationList;
			buildConfigurations = (
				D4266E57216FB52F00F300E8 /* Debug */,
				D4266E58216FB52F00F300E8 /* Release */,
			);
			defaultConfigurationIsVisible = 0;
			defaultConfigurationName = Release;
		};
		D4266E59216FB52F00F300E8 /* Build configuration list for PBXNativeTarget "Pokedex" */ = {
			isa = XCConfigurationList;
			buildConfigurations = (
				D4266E5A216FB52F00F300E8 /* Debug */,
				D4266E5B216FB52F00F300E8 /* Release */,
			);
			defaultConfigurationIsVisible = 0;
			defaultConfigurationName = Release;
		};
		D4266E5C216FB52F00F300E8 /* Build configuration list for PBXNativeTarget "PokedexTests" */ = {
			isa = XCConfigurationList;
			buildConfigurations = (
				D4266E5D216FB52F00F300E8 /* Debug */,
				D4266E5E216FB52F00F300E8 /* Release */,
			);
			defaultConfigurationIsVisible = 0;
			defaultConfigurationName = Release;
		};
		D4266E5F216FB52F00F300E8 /* Build configuration list for PBXNativeTarget "PokedexUITests" */ = {
			isa = XCConfigurationList;
			buildConfigurations = (
				D4266E60216FB52F00F300E8 /* Debug */,
				D4266E61216FB52F00F300E8 /* Release */,
			);
			defaultConfigurationIsVisible = 0;
			defaultConfigurationName = Release;
		};
/* End XCConfigurationList section */
	};
	rootObject = D4266E29216FB52B00F300E8 /* Project object */;
}
